
Microsoft Visual Studio Solution File, Format Version 12.00
# Visual Studio Version 16
VisualStudioVersion = 16.0.31105.61
MinimumVisualStudioVersion = 10.0.40219.1
Project("{8BC9CEB8-8B4A-11D0-8D11-00A0C91BC942}") = "Chess Engine (Graphic)", "Chess Engine (Graphic).vcxproj", "{6E5877D6-E37E-472F-985E-9271FD984D0F}"
EndProject
Global
	GlobalSection(SolutionConfigurationPlatforms) = preSolution
		Debug|x64 = Debug|x64
		Debug|x86 = Debug|x86
		Release|x64 = Release|x64
		Release|x86 = Release|x86
	EndGlobalSection
	GlobalSection(ProjectConfigurationPlatforms) = postSolution
		{6E5877D6-E37E-472F-985E-9271FD984D0F}.Debug|x64.ActiveCfg = Debug|x64
		{6E5877D6-E37E-472F-985E-9271FD984D0F}.Debug|x64.Build.0 = Debug|x64
		{6E5877D6-E37E-472F-985E-9271FD984D0F}.Debug|x86.ActiveCfg = Debug|Win32
		{6E5877D6-E37E-472F-985E-9271FD984D0F}.Debug|x86.Build.0 = Debug|Win32
		{6E5877D6-E37E-472F-985E-9271FD984D0F}.Release|x64.ActiveCfg = Release|x64
		{6E5877D6-E37E-472F-985E-9271FD984D0F}.Release|x64.Build.0 = Release|x64
		{6E5877D6-E37E-472F-985E-9271FD984D0F}.Release|x86.ActiveCfg = Release|Win32
		{6E5877D6-E37E-472F-985E-9271FD984D0F}.Release|x86.Build.0 = Release|Win32
	EndGlobalSection
	GlobalSection(SolutionProperties) = preSolution
		HideSolutionNode = FALSE
	EndGlobalSection
	GlobalSection(ExtensibilityGlobals) = postSolution
		SolutionGuid = {BFC74CD7-B261-45A0-A509-2F69AAD35327}
	EndGlobalSection
EndGlobal
